
Microsoft Visual Studio Solution File, Format Version 12.00
# Visual Studio Version 17
VisualStudioVersion = 17.5.33502.453
MinimumVisualStudioVersion = 10.0.40219.1
Project("{8BC9CEB8-8B4A-11D0-8D11-00A0C91BC942}") = "stackusingarray", "stackusingarray\stackusingarray.vcxproj", "{CAF5B7D9-AE5A-4F31-A9DC-0AD11BAF6C3C}"
EndProject
Global
	GlobalSection(SolutionConfigurationPlatforms) = preSolution
		Debug|x64 = Debug|x64
		Debug|x86 = Debug|x86
		Release|x64 = Release|x64
		Release|x86 = Release|x86
	EndGlobalSection
	GlobalSection(ProjectConfigurationPlatforms) = postSolution
		{CAF5B7D9-AE5A-4F31-A9DC-0AD11BAF6C3C}.Debug|x64.ActiveCfg = Debug|x64
		{CAF5B7D9-AE5A-4F31-A9DC-0AD11BAF6C3C}.Debug|x64.Build.0 = Debug|x64
		{CAF5B7D9-AE5A-4F31-A9DC-0AD11BAF6C3C}.Debug|x86.ActiveCfg = Debug|Win32
		{CAF5B7D9-AE5A-4F31-A9DC-0AD11BAF6C3C}.Debug|x86.Build.0 = Debug|Win32
		{CAF5B7D9-AE5A-4F31-A9DC-0AD11BAF6C3C}.Release|x64.ActiveCfg = Release|x64
		{CAF5B7D9-AE5A-4F31-A9DC-0AD11BAF6C3C}.Release|x64.Build.0 = Release|x64
		{CAF5B7D9-AE5A-4F31-A9DC-0AD11BAF6C3C}.Release|x86.ActiveCfg = Release|Win32
		{CAF5B7D9-AE5A-4F31-A9DC-0AD11BAF6C3C}.Release|x86.Build.0 = Release|Win32
	EndGlobalSection
	GlobalSection(SolutionProperties) = preSolution
		HideSolutionNode = FALSE
	EndGlobalSection
	GlobalSection(ExtensibilityGlobals) = postSolution
		SolutionGuid = {2777DF36-CB18-47F0-BA5F-B6008BEFC808}
	EndGlobalSection
EndGlobal
